// !$*UTF8*$!
{
	archiveVersion = 1;
	classes = {
	};
	objectVersion = 46;
	objects = {

/* Begin PBXBuildFile section */
		4D07A27416AEA26C006D32A3 /* logo1.png in Resources */ = {isa = PBXBuildFile; fileRef = 4D07A27316AEA26C006D32A3 /* logo1.png */; };
		4D07A27616AEA284006D32A3 /* logo1.png in Resources */ = {isa = PBXBuildFile; fileRef = 4D07A27516AEA284006D32A3 /* logo1.png */; };
		4D07A27916AEA88E006D32A3 /* SVProgressHUD.m in Sources */ = {isa = PBXBuildFile; fileRef = 4D07A27816AEA88E006D32A3 /* SVProgressHUD.m */; };
		4D07A27B16AEA8C4006D32A3 /* QuartzCore.framework in Frameworks */ = {isa = PBXBuildFile; fileRef = 4D07A27A16AEA8C4006D32A3 /* QuartzCore.framework */; };
		4D94EA0216AD250700CA9F45 /* UIKit.framework in Frameworks */ = {isa = PBXBuildFile; fileRef = 4D94EA0116AD250700CA9F45 /* UIKit.framework */; };
		4D94EA0416AD250700CA9F45 /* Foundation.framework in Frameworks */ = {isa = PBXBuildFile; fileRef = 4D94EA0316AD250700CA9F45 /* Foundation.framework */; };
		4D94EA0616AD250700CA9F45 /* CoreGraphics.framework in Frameworks */ = {isa = PBXBuildFile; fileRef = 4D94EA0516AD250700CA9F45 /* CoreGraphics.framework */; };
		4D94EA0C16AD250700CA9F45 /* InfoPlist.strings in Resources */ = {isa = PBXBuildFile; fileRef = 4D94EA0A16AD250700CA9F45 /* InfoPlist.strings */; };
		4D94EA0E16AD250700CA9F45 /* main.m in Sources */ = {isa = PBXBuildFile; fileRef = 4D94EA0D16AD250700CA9F45 /* main.m */; };
		4D94EA1216AD250700CA9F45 /* AppDelegate.m in Sources */ = {isa = PBXBuildFile; fileRef = 4D94EA1116AD250700CA9F45 /* AppDelegate.m */; };
		4D94EA1416AD250700CA9F45 /* Default.png in Resources */ = {isa = PBXBuildFile; fileRef = 4D94EA1316AD250700CA9F45 /* Default.png */; };
		4D94EA1616AD250700CA9F45 /* Default@2x.png in Resources */ = {isa = PBXBuildFile; fileRef = 4D94EA1516AD250700CA9F45 /* Default@2x.png */; };
		4D94EA1816AD250700CA9F45 /* Default-568h@2x.png in Resources */ = {isa = PBXBuildFile; fileRef = 4D94EA1716AD250700CA9F45 /* Default-568h@2x.png */; };
		4D94EA1B16AD250700CA9F45 /* MainStoryboard.storyboard in Resources */ = {isa = PBXBuildFile; fileRef = 4D94EA1916AD250700CA9F45 /* MainStoryboard.storyboard */; };
		4D94EA1E16AD250700CA9F45 /* MasterViewController.m in Sources */ = {isa = PBXBuildFile; fileRef = 4D94EA1D16AD250700CA9F45 /* MasterViewController.m */; };
		4D94EA2116AD250700CA9F45 /* DetailViewController.m in Sources */ = {isa = PBXBuildFile; fileRef = 4D94EA2016AD250700CA9F45 /* DetailViewController.m */; };
		4D94EA2B16AD26E500CA9F45 /* ScaryBugData.m in Sources */ = {isa = PBXBuildFile; fileRef = 4D94EA2A16AD26E500CA9F45 /* ScaryBugData.m */; };
		4D94EA2E16AD27C400CA9F45 /* ScaryBugDoc.m in Sources */ = {isa = PBXBuildFile; fileRef = 4D94EA2D16AD27C400CA9F45 /* ScaryBugDoc.m */; };
		4D94EA3916AD2B0500CA9F45 /* attribution.txt in Resources */ = {isa = PBXBuildFile; fileRef = 4D94EA3016AD2B0500CA9F45 /* attribution.txt */; };
		4D94EA3A16AD2B0500CA9F45 /* centipede.jpg in Resources */ = {isa = PBXBuildFile; fileRef = 4D94EA3116AD2B0500CA9F45 /* centipede.jpg */; };
		4D94EA3B16AD2B0500CA9F45 /* centipedeThumb.jpg in Resources */ = {isa = PBXBuildFile; fileRef = 4D94EA3216AD2B0500CA9F45 /* centipedeThumb.jpg */; };
		4D94EA3C16AD2B0500CA9F45 /* ladybug.jpg in Resources */ = {isa = PBXBuildFile; fileRef = 4D94EA3316AD2B0500CA9F45 /* ladybug.jpg */; };
		4D94EA3D16AD2B0500CA9F45 /* ladybugThumb.jpg in Resources */ = {isa = PBXBuildFile; fileRef = 4D94EA3416AD2B0500CA9F45 /* ladybugThumb.jpg */; };
		4D94EA3E16AD2B0500CA9F45 /* potatoBug.jpg in Resources */ = {isa = PBXBuildFile; fileRef = 4D94EA3516AD2B0500CA9F45 /* potatoBug.jpg */; };
		4D94EA3F16AD2B0500CA9F45 /* potatoBugThumb.jpg in Resources */ = {isa = PBXBuildFile; fileRef = 4D94EA3616AD2B0500CA9F45 /* potatoBugThumb.jpg */; };
		4D94EA4016AD2B0500CA9F45 /* wolfSpider.jpg in Resources */ = {isa = PBXBuildFile; fileRef = 4D94EA3716AD2B0500CA9F45 /* wolfSpider.jpg */; };
		4D94EA4116AD2B0500CA9F45 /* wolfSpiderThumb.jpg in Resources */ = {isa = PBXBuildFile; fileRef = 4D94EA3816AD2B0500CA9F45 /* wolfSpiderThumb.jpg */; };
		4D94EA5816AD3D4B00CA9F45 /* UIImageExtras.m in Sources */ = {isa = PBXBuildFile; fileRef = 4D94EA5716AD3D4B00CA9F45 /* UIImageExtras.m */; };
		4D94EA5D16AD3DDB00CA9F45 /* shockedface2_empty.png in Resources */ = {isa = PBXBuildFile; fileRef = 4D94EA5A16AD3DDB00CA9F45 /* shockedface2_empty.png */; };
		4D94EA5E16AD3DDB00CA9F45 /* shockedface2_full.png in Resources */ = {isa = PBXBuildFile; fileRef = 4D94EA5B16AD3DDB00CA9F45 /* shockedface2_full.png */; };
		4D94EA5F16AD3DDB00CA9F45 /* shockedface2_half.png in Resources */ = {isa = PBXBuildFile; fileRef = 4D94EA5C16AD3DDB00CA9F45 /* shockedface2_half.png */; };
		4D94EA6216AD59CE00CA9F45 /* RateView.m in Sources */ = {isa = PBXBuildFile; fileRef = 4D94EA5516AD3D4000CA9F45 /* RateView.m */; };
/* End PBXBuildFile section */

/* Begin PBXFileReference section */
		4D07A27316AEA26C006D32A3 /* logo1.png */ = {isa = PBXFileReference; lastKnownFileType = image.png; path = logo1.png; sourceTree = "<group>"; };
		4D07A27516AEA284006D32A3 /* logo1.png */ = {isa = PBXFileReference; lastKnownFileType = image.png; path = logo1.png; sourceTree = "<group>"; };
		4D07A27716AEA88E006D32A3 /* SVProgressHUD.h */ = {isa = PBXFileReference; fileEncoding = 4; lastKnownFileType = sourcecode.c.h; path = SVProgressHUD.h; sourceTree = "<group>"; };
		4D07A27816AEA88E006D32A3 /* SVProgressHUD.m */ = {isa = PBXFileReference; fileEncoding = 4; lastKnownFileType = sourcecode.c.objc; path = SVProgressHUD.m; sourceTree = "<group>"; };
		4D07A27A16AEA8C4006D32A3 /* QuartzCore.framework */ = {isa = PBXFileReference; lastKnownFileType = wrapper.framework; name = QuartzCore.framework; path = System/Library/Frameworks/QuartzCore.framework; sourceTree = SDKROOT; };
		4D94E9FD16AD250700CA9F45 /* Scary.app */ = {isa = PBXFileReference; explicitFileType = wrapper.application; includeInIndex = 0; path = Scary.app; sourceTree = BUILT_PRODUCTS_DIR; };
		4D94EA0116AD250700CA9F45 /* UIKit.framework */ = {isa = PBXFileReference; lastKnownFileType = wrapper.framework; name = UIKit.framework; path = System/Library/Frameworks/UIKit.framework; sourceTree = SDKROOT; };
		4D94EA0316AD250700CA9F45 /* Foundation.framework */ = {isa = PBXFileReference; lastKnownFileType = wrapper.framework; name = Foundation.framework; path = System/Library/Frameworks/Foundation.framework; sourceTree = SDKROOT; };
		4D94EA0516AD250700CA9F45 /* CoreGraphics.framework */ = {isa = PBXFileReference; lastKnownFileType = wrapper.framework; name = CoreGraphics.framework; path = System/Library/Frameworks/CoreGraphics.framework; sourceTree = SDKROOT; };
		4D94EA0916AD250700CA9F45 /* Scary-Info.plist */ = {isa = PBXFileReference; lastKnownFileType = text.plist.xml; path = "Scary-Info.plist"; sourceTree = "<group>"; };
		4D94EA0B16AD250700CA9F45 /* en */ = {isa = PBXFileReference; lastKnownFileType = text.plist.strings; name = en; path = en.lproj/InfoPlist.strings; sourceTree = "<group>"; };
		4D94EA0D16AD250700CA9F45 /* main.m */ = {isa = PBXFileReference; lastKnownFileType = sourcecode.c.objc; path = main.m; sourceTree = "<group>"; };
		4D94EA0F16AD250700CA9F45 /* Scary-Prefix.pch */ = {isa = PBXFileReference; lastKnownFileType = sourcecode.c.h; path = "Scary-Prefix.pch"; sourceTree = "<group>"; };
		4D94EA1016AD250700CA9F45 /* AppDelegate.h */ = {isa = PBXFileReference; lastKnownFileType = sourcecode.c.h; path = AppDelegate.h; sourceTree = "<group>"; };
		4D94EA1116AD250700CA9F45 /* AppDelegate.m */ = {isa = PBXFileReference; lastKnownFileType = sourcecode.c.objc; path = AppDelegate.m; sourceTree = "<group>"; };
		4D94EA1316AD250700CA9F45 /* Default.png */ = {isa = PBXFileReference; lastKnownFileType = image.png; path = Default.png; sourceTree = "<group>"; };
		4D94EA1516AD250700CA9F45 /* Default@2x.png */ = {isa = PBXFileReference; lastKnownFileType = image.png; path = "Default@2x.png"; sourceTree = "<group>"; };
		4D94EA1716AD250700CA9F45 /* Default-568h@2x.png */ = {isa = PBXFileReference; lastKnownFileType = image.png; path = "Default-568h@2x.png"; sourceTree = "<group>"; };
		4D94EA1A16AD250700CA9F45 /* en */ = {isa = PBXFileReference; lastKnownFileType = file.storyboard; name = en; path = en.lproj/MainStoryboard.storyboard; sourceTree = "<group>"; };
		4D94EA1C16AD250700CA9F45 /* MasterViewController.h */ = {isa = PBXFileReference; lastKnownFileType = sourcecode.c.h; path = MasterViewController.h; sourceTree = "<group>"; };
		4D94EA1D16AD250700CA9F45 /* MasterViewController.m */ = {isa = PBXFileReference; lastKnownFileType = sourcecode.c.objc; path = MasterViewController.m; sourceTree = "<group>"; };
		4D94EA1F16AD250700CA9F45 /* DetailViewController.h */ = {isa = PBXFileReference; lastKnownFileType = sourcecode.c.h; path = DetailViewController.h; sourceTree = "<group>"; };
		4D94EA2016AD250700CA9F45 /* DetailViewController.m */ = {isa = PBXFileReference; lastKnownFileType = sourcecode.c.objc; path = DetailViewController.m; sourceTree = "<group>"; };
		4D94EA2916AD26E500CA9F45 /* ScaryBugData.h */ = {isa = PBXFileReference; fileEncoding = 4; lastKnownFileType = sourcecode.c.h; path = ScaryBugData.h; sourceTree = "<group>"; };
		4D94EA2A16AD26E500CA9F45 /* ScaryBugData.m */ = {isa = PBXFileReference; fileEncoding = 4; lastKnownFileType = sourcecode.c.objc; path = ScaryBugData.m; sourceTree = "<group>"; };
		4D94EA2C16AD27C400CA9F45 /* ScaryBugDoc.h */ = {isa = PBXFileReference; fileEncoding = 4; lastKnownFileType = sourcecode.c.h; path = ScaryBugDoc.h; sourceTree = "<group>"; };
		4D94EA2D16AD27C400CA9F45 /* ScaryBugDoc.m */ = {isa = PBXFileReference; fileEncoding = 4; lastKnownFileType = sourcecode.c.objc; path = ScaryBugDoc.m; sourceTree = "<group>"; };
		4D94EA3016AD2B0500CA9F45 /* attribution.txt */ = {isa = PBXFileReference; fileEncoding = 4; lastKnownFileType = text; path = attribution.txt; sourceTree = "<group>"; };
		4D94EA3116AD2B0500CA9F45 /* centipede.jpg */ = {isa = PBXFileReference; lastKnownFileType = image.jpeg; path = centipede.jpg; sourceTree = "<group>"; };
		4D94EA3216AD2B0500CA9F45 /* centipedeThumb.jpg */ = {isa = PBXFileReference; lastKnownFileType = image.jpeg; path = centipedeThumb.jpg; sourceTree = "<group>"; };
		4D94EA3316AD2B0500CA9F45 /* ladybug.jpg */ = {isa = PBXFileReference; lastKnownFileType = image.jpeg; path = ladybug.jpg; sourceTree = "<group>"; };
		4D94EA3416AD2B0500CA9F45 /* ladybugThumb.jpg */ = {isa = PBXFileReference; lastKnownFileType = image.jpeg; path = ladybugThumb.jpg; sourceTree = "<group>"; };
		4D94EA3516AD2B0500CA9F45 /* potatoBug.jpg */ = {isa = PBXFileReference; lastKnownFileType = image.jpeg; path = potatoBug.jpg; sourceTree = "<group>"; };
		4D94EA3616AD2B0500CA9F45 /* potatoBugThumb.jpg */ = {isa = PBXFileReference; lastKnownFileType = image.jpeg; path = potatoBugThumb.jpg; sourceTree = "<group>"; };
		4D94EA3716AD2B0500CA9F45 /* wolfSpider.jpg */ = {isa = PBXFileReference; lastKnownFileType = image.jpeg; path = wolfSpider.jpg; sourceTree = "<group>"; };
		4D94EA3816AD2B0500CA9F45 /* wolfSpiderThumb.jpg */ = {isa = PBXFileReference; lastKnownFileType = image.jpeg; path = wolfSpiderThumb.jpg; sourceTree = "<group>"; };
		4D94EA5416AD3D4000CA9F45 /* RateView.h */ = {isa = PBXFileReference; lastKnownFileType = sourcecode.c.h; path = RateView.h; sourceTree = "<group>"; };
		4D94EA5516AD3D4000CA9F45 /* RateView.m */ = {isa = PBXFileReference; lastKnownFileType = sourcecode.c.objc; path = RateView.m; sourceTree = "<group>"; };
		4D94EA5616AD3D4B00CA9F45 /* UIImageExtras.h */ = {isa = PBXFileReference; fileEncoding = 4; lastKnownFileType = sourcecode.c.h; path = UIImageExtras.h; sourceTree = "<group>"; };
		4D94EA5716AD3D4B00CA9F45 /* UIImageExtras.m */ = {isa = PBXFileReference; fileEncoding = 4; lastKnownFileType = sourcecode.c.objc; path = UIImageExtras.m; sourceTree = "<group>"; };
		4D94EA5A16AD3DDB00CA9F45 /* shockedface2_empty.png */ = {isa = PBXFileReference; lastKnownFileType = image.png; path = shockedface2_empty.png; sourceTree = "<group>"; };
		4D94EA5B16AD3DDB00CA9F45 /* shockedface2_full.png */ = {isa = PBXFileReference; lastKnownFileType = image.png; path = shockedface2_full.png; sourceTree = "<group>"; };
		4D94EA5C16AD3DDB00CA9F45 /* shockedface2_half.png */ = {isa = PBXFileReference; lastKnownFileType = image.png; path = shockedface2_half.png; sourceTree = "<group>"; };
/* End PBXFileReference section */

/* Begin PBXFrameworksBuildPhase section */
		4D94E9FA16AD250700CA9F45 /* Frameworks */ = {
			isa = PBXFrameworksBuildPhase;
			buildActionMask = 2147483647;
			files = (
				4D07A27B16AEA8C4006D32A3 /* QuartzCore.framework in Frameworks */,
				4D94EA0216AD250700CA9F45 /* UIKit.framework in Frameworks */,
				4D94EA0416AD250700CA9F45 /* Foundation.framework in Frameworks */,
				4D94EA0616AD250700CA9F45 /* CoreGraphics.framework in Frameworks */,
			);
			runOnlyForDeploymentPostprocessing = 0;
		};
/* End PBXFrameworksBuildPhase section */

/* Begin PBXGroup section */
		4D94E9F216AD250700CA9F45 = {
			isa = PBXGroup;
			children = (
				4D07A27A16AEA8C4006D32A3 /* QuartzCore.framework */,
				4D07A27516AEA284006D32A3 /* logo1.png */,
				4D94EA0716AD250700CA9F45 /* Scary */,
				4D94EA0016AD250700CA9F45 /* Frameworks */,
				4D94E9FE16AD250700CA9F45 /* Products */,
			);
			sourceTree = "<group>";
		};
		4D94E9FE16AD250700CA9F45 /* Products */ = {
			isa = PBXGroup;
			children = (
				4D94E9FD16AD250700CA9F45 /* Scary.app */,
			);
			name = Products;
			sourceTree = "<group>";
		};
		4D94EA0016AD250700CA9F45 /* Frameworks */ = {
			isa = PBXGroup;
			children = (
				4D94EA0116AD250700CA9F45 /* UIKit.framework */,
				4D94EA0316AD250700CA9F45 /* Foundation.framework */,
				4D94EA0516AD250700CA9F45 /* CoreGraphics.framework */,
			);
			name = Frameworks;
			sourceTree = "<group>";
		};
		4D94EA0716AD250700CA9F45 /* Scary */ = {
			isa = PBXGroup;
			children = (
				4D94EA5916AD3DC300CA9F45 /* Art */,
				4D94EA5316AD3CBB00CA9F45 /* Helpers */,
				4D94EA5116AD3C7A00CA9F45 /* Views */,
				4D94EA2F16AD2B0500CA9F45 /* ScaryBugs */,
				4D94EA2816AD262F00CA9F45 /* Model */,
				4D94EA2716AD25FD00CA9F45 /* GUI */,
				4D94EA0816AD250700CA9F45 /* Supporting Files */,
			);
			path = Scary;
			sourceTree = "<group>";
		};
		4D94EA0816AD250700CA9F45 /* Supporting Files */ = {
			isa = PBXGroup;
			children = (
				4D94EA0916AD250700CA9F45 /* Scary-Info.plist */,
				4D94EA0A16AD250700CA9F45 /* InfoPlist.strings */,
				4D94EA0D16AD250700CA9F45 /* main.m */,
				4D94EA0F16AD250700CA9F45 /* Scary-Prefix.pch */,
				4D94EA1316AD250700CA9F45 /* Default.png */,
				4D94EA1516AD250700CA9F45 /* Default@2x.png */,
				4D94EA1716AD250700CA9F45 /* Default-568h@2x.png */,
			);
			name = "Supporting Files";
			sourceTree = "<group>";
		};
		4D94EA2716AD25FD00CA9F45 /* GUI */ = {
			isa = PBXGroup;
			children = (
				4D94EA1016AD250700CA9F45 /* AppDelegate.h */,
				4D94EA1116AD250700CA9F45 /* AppDelegate.m */,
				4D94EA1916AD250700CA9F45 /* MainStoryboard.storyboard */,
				4D94EA1C16AD250700CA9F45 /* MasterViewController.h */,
				4D94EA1D16AD250700CA9F45 /* MasterViewController.m */,
				4D94EA1F16AD250700CA9F45 /* DetailViewController.h */,
				4D94EA2016AD250700CA9F45 /* DetailViewController.m */,
			);
			name = GUI;
			sourceTree = "<group>";
		};
		4D94EA2816AD262F00CA9F45 /* Model */ = {
			isa = PBXGroup;
			children = (
				4D94EA2916AD26E500CA9F45 /* ScaryBugData.h */,
				4D94EA2A16AD26E500CA9F45 /* ScaryBugData.m */,
				4D94EA2C16AD27C400CA9F45 /* ScaryBugDoc.h */,
				4D94EA2D16AD27C400CA9F45 /* ScaryBugDoc.m */,
			);
			name = Model;
			sourceTree = "<group>";
		};
		4D94EA2F16AD2B0500CA9F45 /* ScaryBugs */ = {
			isa = PBXGroup;
			children = (
				4D94EA3016AD2B0500CA9F45 /* attribution.txt */,
				4D94EA3116AD2B0500CA9F45 /* centipede.jpg */,
				4D94EA3216AD2B0500CA9F45 /* centipedeThumb.jpg */,
				4D94EA3316AD2B0500CA9F45 /* ladybug.jpg */,
				4D94EA3416AD2B0500CA9F45 /* ladybugThumb.jpg */,
				4D94EA3516AD2B0500CA9F45 /* potatoBug.jpg */,
				4D94EA3616AD2B0500CA9F45 /* potatoBugThumb.jpg */,
				4D94EA3716AD2B0500CA9F45 /* wolfSpider.jpg */,
				4D94EA3816AD2B0500CA9F45 /* wolfSpiderThumb.jpg */,
			);
			path = ScaryBugs;
			sourceTree = "<group>";
		};
		4D94EA5116AD3C7A00CA9F45 /* Views */ = {
			isa = PBXGroup;
			children = (
				4D07A27716AEA88E006D32A3 /* SVProgressHUD.h */,
				4D07A27816AEA88E006D32A3 /* SVProgressHUD.m */,
				4D94EA5416AD3D4000CA9F45 /* RateView.h */,
				4D94EA5516AD3D4000CA9F45 /* RateView.m */,
			);
			name = Views;
			sourceTree = "<group>";
		};
		4D94EA5316AD3CBB00CA9F45 /* Helpers */ = {
			isa = PBXGroup;
			children = (
				4D94EA5616AD3D4B00CA9F45 /* UIImageExtras.h */,
				4D94EA5716AD3D4B00CA9F45 /* UIImageExtras.m */,
			);
			name = Helpers;
			sourceTree = "<group>";
		};
		4D94EA5916AD3DC300CA9F45 /* Art */ = {
			isa = PBXGroup;
			children = (
				4D07A27316AEA26C006D32A3 /* logo1.png */,
				4D94EA5A16AD3DDB00CA9F45 /* shockedface2_empty.png */,
				4D94EA5B16AD3DDB00CA9F45 /* shockedface2_full.png */,
				4D94EA5C16AD3DDB00CA9F45 /* shockedface2_half.png */,
			);
			name = Art;
			sourceTree = "<group>";
		};
/* End PBXGroup section */

/* Begin PBXNativeTarget section */
		4D94E9FC16AD250700CA9F45 /* Scary */ = {
			isa = PBXNativeTarget;
			buildConfigurationList = 4D94EA2416AD250700CA9F45 /* Build configuration list for PBXNativeTarget "Scary" */;
			buildPhases = (
				4D94E9F916AD250700CA9F45 /* Sources */,
				4D94E9FA16AD250700CA9F45 /* Frameworks */,
				4D94E9FB16AD250700CA9F45 /* Resources */,
			);
			buildRules = (
			);
			dependencies = (
			);
			name = Scary;
			productName = Scary;
			productReference = 4D94E9FD16AD250700CA9F45 /* Scary.app */;
			productType = "com.apple.product-type.application";
		};
/* End PBXNativeTarget section */

/* Begin PBXProject section */
		4D94E9F416AD250700CA9F45 /* Project object */ = {
			isa = PBXProject;
			attributes = {
				LastUpgradeCheck = 0450;
				ORGANIZATIONNAME = "Sunil Ohri";
			};
			buildConfigurationList = 4D94E9F716AD250700CA9F45 /* Build configuration list for PBXProject "Scary" */;
			compatibilityVersion = "Xcode 3.2";
			developmentRegion = English;
			hasScannedForEncodings = 0;
			knownRegions = (
				en,
			);
			mainGroup = 4D94E9F216AD250700CA9F45;
			productRefGroup = 4D94E9FE16AD250700CA9F45 /* Products */;
			projectDirPath = "";
			projectRoot = "";
			targets = (
				4D94E9FC16AD250700CA9F45 /* Scary */,
			);
		};
/* End PBXProject section */

/* Begin PBXResourcesBuildPhase section */
		4D94E9FB16AD250700CA9F45 /* Resources */ = {
			isa = PBXResourcesBuildPhase;
			buildActionMask = 2147483647;
			files = (
				4D94EA0C16AD250700CA9F45 /* InfoPlist.strings in Resources */,
				4D94EA1416AD250700CA9F45 /* Default.png in Resources */,
				4D94EA1616AD250700CA9F45 /* Default@2x.png in Resources */,
				4D94EA1816AD250700CA9F45 /* Default-568h@2x.png in Resources */,
				4D94EA1B16AD250700CA9F45 /* MainStoryboard.storyboard in Resources */,
				4D94EA3916AD2B0500CA9F45 /* attribution.txt in Resources */,
				4D94EA3A16AD2B0500CA9F45 /* centipede.jpg in Resources */,
				4D94EA3B16AD2B0500CA9F45 /* centipedeThumb.jpg in Resources */,
				4D94EA3C16AD2B0500CA9F45 /* ladybug.jpg in Resources */,
				4D94EA3D16AD2B0500CA9F45 /* ladybugThumb.jpg in Resources */,
				4D94EA3E16AD2B0500CA9F45 /* potatoBug.jpg in Resources */,
				4D94EA3F16AD2B0500CA9F45 /* potatoBugThumb.jpg in Resources */,
				4D94EA4016AD2B0500CA9F45 /* wolfSpider.jpg in Resources */,
				4D94EA4116AD2B0500CA9F45 /* wolfSpiderThumb.jpg in Resources */,
				4D94EA5D16AD3DDB00CA9F45 /* shockedface2_empty.png in Resources */,
				4D94EA5E16AD3DDB00CA9F45 /* shockedface2_full.png in Resources */,
				4D94EA5F16AD3DDB00CA9F45 /* shockedface2_half.png in Resources */,
				4D07A27416AEA26C006D32A3 /* logo1.png in Resources */,
				4D07A27616AEA284006D32A3 /* logo1.png in Resources */,
			);
			runOnlyForDeploymentPostprocessing = 0;
		};
/* End PBXResourcesBuildPhase section */

/* Begin PBXSourcesBuildPhase section */
		4D94E9F916AD250700CA9F45 /* Sources */ = {
			isa = PBXSourcesBuildPhase;
			buildActionMask = 2147483647;
			files = (
				4D94EA6216AD59CE00CA9F45 /* RateView.m in Sources */,
				4D94EA0E16AD250700CA9F45 /* main.m in Sources */,
				4D94EA1216AD250700CA9F45 /* AppDelegate.m in Sources */,
				4D94EA1E16AD250700CA9F45 /* MasterViewController.m in Sources */,
				4D94EA2116AD250700CA9F45 /* DetailViewController.m in Sources */,
				4D94EA2B16AD26E500CA9F45 /* ScaryBugData.m in Sources */,
				4D94EA2E16AD27C400CA9F45 /* ScaryBugDoc.m in Sources */,
				4D94EA5816AD3D4B00CA9F45 /* UIImageExtras.m in Sources */,
				4D07A27916AEA88E006D32A3 /* SVProgressHUD.m in Sources */,
			);
			runOnlyForDeploymentPostprocessing = 0;
		};
/* End PBXSourcesBuildPhase section */

/* Begin PBXVariantGroup section */
		4D94EA0A16AD250700CA9F45 /* InfoPlist.strings */ = {
			isa = PBXVariantGroup;
			children = (
				4D94EA0B16AD250700CA9F45 /* en */,
			);
			name = InfoPlist.strings;
			sourceTree = "<group>";
		};
		4D94EA1916AD250700CA9F45 /* MainStoryboard.storyboard */ = {
			isa = PBXVariantGroup;
			children = (
				4D94EA1A16AD250700CA9F45 /* en */,
			);
			name = MainStoryboard.storyboard;
			sourceTree = "<group>";
		};
/* End PBXVariantGroup section */

/* Begin XCBuildConfiguration section */
		4D94EA2216AD250700CA9F45 /* Debug */ = {
			isa = XCBuildConfiguration;
			buildSettings = {
				ALWAYS_SEARCH_USER_PATHS = NO;
				CLANG_CXX_LANGUAGE_STANDARD = "gnu++0x";
				CLANG_CXX_LIBRARY = "libc++";
				CLANG_ENABLE_OBJC_ARC = YES;
				CLANG_WARN_EMPTY_BODY = YES;
				CLANG_WARN__DUPLICATE_METHOD_MATCH = YES;
				"CODE_SIGN_IDENTITY[sdk=iphoneos*]" = "iPhone Developer";
				COPY_PHASE_STRIP = NO;
				GCC_C_LANGUAGE_STANDARD = gnu99;
				GCC_DYNAMIC_NO_PIC = NO;
				GCC_OPTIMIZATION_LEVEL = 0;
				GCC_PREPROCESSOR_DEFINITIONS = (
					"DEBUG=1",
					"$(inherited)",
				);
				GCC_SYMBOLS_PRIVATE_EXTERN = NO;
				GCC_WARN_ABOUT_RETURN_TYPE = YES;
				GCC_WARN_UNINITIALIZED_AUTOS = YES;
				GCC_WARN_UNUSED_VARIABLE = YES;
				IPHONEOS_DEPLOYMENT_TARGET = 6.0;
				ONLY_ACTIVE_ARCH = YES;
				SDKROOT = iphoneos;
			};
			name = Debug;
		};
		4D94EA2316AD250700CA9F45 /* Release */ = {
			isa = XCBuildConfiguration;
			buildSettings = {
				ALWAYS_SEARCH_USER_PATHS = NO;
				CLANG_CXX_LANGUAGE_STANDARD = "gnu++0x";
				CLANG_CXX_LIBRARY = "libc++";
				CLANG_ENABLE_OBJC_ARC = YES;
				CLANG_WARN_EMPTY_BODY = YES;
				CLANG_WARN__DUPLICATE_METHOD_MATCH = YES;
				"CODE_SIGN_IDENTITY[sdk=iphoneos*]" = "iPhone Developer";
				COPY_PHASE_STRIP = YES;
				GCC_C_LANGUAGE_STANDARD = gnu99;
				GCC_WARN_ABOUT_RETURN_TYPE = YES;
				GCC_WARN_UNINITIALIZED_AUTOS = YES;
				GCC_WARN_UNUSED_VARIABLE = YES;
				IPHONEOS_DEPLOYMENT_TARGET = 6.0;
				OTHER_CFLAGS = "-DNS_BLOCK_ASSERTIONS=1";
				SDKROOT = iphoneos;
				VALIDATE_PRODUCT = YES;
			};
			name = Release;
		};
		4D94EA2516AD250700CA9F45 /* Debug */ = {
			isa = XCBuildConfiguration;
			buildSettings = {
				GCC_PRECOMPILE_PREFIX_HEADER = YES;
				GCC_PREFIX_HEADER = "Scary/Scary-Prefix.pch";
				INFOPLIST_FILE = "Scary/Scary-Info.plist";
				PRODUCT_NAME = "$(TARGET_NAME)";
				WRAPPER_EXTENSION = app;
			};
			name = Debug;
		};
		4D94EA2616AD250700CA9F45 /* Release */ = {
			isa = XCBuildConfiguration;
			buildSettings = {
				GCC_PRECOMPILE_PREFIX_HEADER = YES;
				GCC_PREFIX_HEADER = "Scary/Scary-Prefix.pch";
				INFOPLIST_FILE = "Scary/Scary-Info.plist";
				PRODUCT_NAME = "$(TARGET_NAME)";
				WRAPPER_EXTENSION = app;
			};
			name = Release;
		};
/* End XCBuildConfiguration section */

/* Begin XCConfigurationList section */
		4D94E9F716AD250700CA9F45 /* Build configuration list for PBXProject "Scary" */ = {
			isa = XCConfigurationList;
			buildConfigurations = (
				4D94EA2216AD250700CA9F45 /* Debug */,
				4D94EA2316AD250700CA9F45 /* Release */,
			);
			defaultConfigurationIsVisible = 0;
			defaultConfigurationName = Release;
		};
		4D94EA2416AD250700CA9F45 /* Build configuration list for PBXNativeTarget "Scary" */ = {
			isa = XCConfigurationList;
			buildConfigurations = (
				4D94EA2516AD250700CA9F45 /* Debug */,
				4D94EA2616AD250700CA9F45 /* Release */,
			);
			defaultConfigurationIsVisible = 0;
			defaultConfigurationName = Release;
		};
/* End XCConfigurationList section */
	};
	rootObject = 4D94E9F416AD250700CA9F45 /* Project object */;
}
